
Microsoft Visual Studio Solution File, Format Version 12.00
# Visual Studio Version 16
VisualStudioVersion = 16.0.31727.386
MinimumVisualStudioVersion = 10.0.40219.1
Project("{FAE04EC0-301F-11D3-BF4B-00C04F79EFBC}") = "PublisherZMQ", "PublisherZMQ\PublisherZMQ.csproj", "{D4AA4211-10E1-4552-A5BF-447866BE4DDF}"
EndProject
Global
	GlobalSection(SolutionConfigurationPlatforms) = preSolution
		Debug|Any CPU = Debug|Any CPU
		Release|Any CPU = Release|Any CPU
	EndGlobalSection
	GlobalSection(ProjectConfigurationPlatforms) = postSolution
		{D4AA4211-10E1-4552-A5BF-447866BE4DDF}.Debug|Any CPU.ActiveCfg = Debug|Any CPU
		{D4AA4211-10E1-4552-A5BF-447866BE4DDF}.Debug|Any CPU.Build.0 = Debug|Any CPU
		{D4AA4211-10E1-4552-A5BF-447866BE4DDF}.Release|Any CPU.ActiveCfg = Release|Any CPU
		{D4AA4211-10E1-4552-A5BF-447866BE4DDF}.Release|Any CPU.Build.0 = Release|Any CPU
	EndGlobalSection
	GlobalSection(SolutionProperties) = preSolution
		HideSolutionNode = FALSE
	EndGlobalSection
	GlobalSection(ExtensibilityGlobals) = postSolution
		SolutionGuid = {2636B0D8-E79F-4A4D-9A99-696270EDAE9D}
	EndGlobalSection
EndGlobal
